{
  "originHash" : "dd95dc0900bdb5ac3a026bd50afbe17e96d591b4b1addf7e8f72705aed475ef7",
  "pins" : [
    {
      "identity" : "capacitor-swift-pm",
      "kind" : "remoteSourceControl",
      "location" : "https://github.com/ionic-team/capacitor-swift-pm.git",
      "state" : {
        "revision" : "1f324fe7bdbdc8c5cc28bea48a231545a8c2e823",
        "version" : "8.1.0"
      }
    },
    {
      "identity" : "ion-ios-geolocation",
      "kind" : "remoteSourceControl",
      "location" : "https://github.com/ionic-team/ion-ios-geolocation.git",
      "state" : {
        "revision" : "040d62eedbb694fe594706102d017991c4b013ad",
        "version" : "2.1.0"
      }
    }
  ],
  "version" : 3
}
